# THIS IS AN AUTOGENERATED FILE. DO NOT EDIT THIS FILE DIRECTLY.
# yarn lockfile v1


hono@^4.5.4:
  version "4.5.4"
  resolved "https://registry.yarnpkg.com/hono/-/hono-4.5.4.tgz#654be361a29eb7a3e7e5eb41f02ecbcef1e5b6a1"
  integrity sha512-k2IguJfRgNCpDbAfpxk+o+fZBLFHl4+eIZUpjc1ItZWHeZ37SmT3efA1UpkIaC0hSf1NJg0E79/wWn6g9LQ4Cw==
